
Microsoft Visual Studio Solution File, Format Version 12.00
# Visual Studio Version 17
VisualStudioVersion = 17.2.32630.192
MinimumVisualStudioVersion = 10.0.40219.1
Project("{FAE04EC0-301F-11D3-BF4B-00C04F79EFBC}") = "Activity-8", "Activity-8\Activity-8.csproj", "{CAFDB00D-A0D8-4907-9423-751B57F87550}"
EndProject
Global
	GlobalSection(SolutionConfigurationPlatforms) = preSolution
		Debug|Any CPU = Debug|Any CPU
		Release|Any CPU = Release|Any CPU
	EndGlobalSection
	GlobalSection(ProjectConfigurationPlatforms) = postSolution
		{CAFDB00D-A0D8-4907-9423-751B57F87550}.Debug|Any CPU.ActiveCfg = Debug|Any CPU
		{CAFDB00D-A0D8-4907-9423-751B57F87550}.Debug|Any CPU.Build.0 = Debug|Any CPU
		{CAFDB00D-A0D8-4907-9423-751B57F87550}.Release|Any CPU.ActiveCfg = Release|Any CPU
		{CAFDB00D-A0D8-4907-9423-751B57F87550}.Release|Any CPU.Build.0 = Release|Any CPU
	EndGlobalSection
	GlobalSection(SolutionProperties) = preSolution
		HideSolutionNode = FALSE
	EndGlobalSection
	GlobalSection(ExtensibilityGlobals) = postSolution
		SolutionGuid = {C0B8F94D-6B51-4BD7-A6D6-12876E4C4F44}
	EndGlobalSection
EndGlobal
